
Microsoft Visual Studio Solution File, Format Version 12.00
# Visual Studio Version 16
VisualStudioVersion = 16.0.30517.126
MinimumVisualStudioVersion = 10.0.40219.1
Project("{FAE04EC0-301F-11D3-BF4B-00C04F79EFBC}") = "FlappyBird", "FlappyBird\FlappyBird.csproj", "{9CB985F0-DCBD-449E-81C8-5FD66A8885D4}"
EndProject
Global
	GlobalSection(SolutionConfigurationPlatforms) = preSolution
		Debug|Any CPU = Debug|Any CPU
		Release|Any CPU = Release|Any CPU
	EndGlobalSection
	GlobalSection(ProjectConfigurationPlatforms) = postSolution
		{9CB985F0-DCBD-449E-81C8-5FD66A8885D4}.Debug|Any CPU.ActiveCfg = Debug|Any CPU
		{9CB985F0-DCBD-449E-81C8-5FD66A8885D4}.Debug|Any CPU.Build.0 = Debug|Any CPU
		{9CB985F0-DCBD-449E-81C8-5FD66A8885D4}.Release|Any CPU.ActiveCfg = Release|Any CPU
		{9CB985F0-DCBD-449E-81C8-5FD66A8885D4}.Release|Any CPU.Build.0 = Release|Any CPU
	EndGlobalSection
	GlobalSection(SolutionProperties) = preSolution
		HideSolutionNode = FALSE
	EndGlobalSection
	GlobalSection(ExtensibilityGlobals) = postSolution
		SolutionGuid = {FE24C321-D075-41B6-BA96-83CB25E265B9}
	EndGlobalSection
EndGlobal
